
Microsoft Visual Studio Solution File, Format Version 12.00
# Visual Studio 14
VisualStudioVersion = 14.0.23107.0
MinimumVisualStudioVersion = 10.0.40219.1
Project("{FAE04EC0-301F-11D3-BF4B-00C04F79EFBC}") = "KBrimble.Dota2.Client", "KBrimble.Dota2.Client\KBrimble.Dota2.Client.csproj", "{3E75DD11-4DED-4CEF-980A-A6D8E688F288}"
EndProject
Project("{FAE04EC0-301F-11D3-BF4B-00C04F79EFBC}") = "KBrimble.Dota2.Client.UnitTests", "KBrimble.Dota2.Client.UnitTests\KBrimble.Dota2.Client.UnitTests.csproj", "{E78F7BE3-8C43-471D-97B8-DE9B2129DBFA}"
EndProject
Global
	GlobalSection(SolutionConfigurationPlatforms) = preSolution
		Debug|Any CPU = Debug|Any CPU
		Release|Any CPU = Release|Any CPU
	EndGlobalSection
	GlobalSection(ProjectConfigurationPlatforms) = postSolution
		{3E75DD11-4DED-4CEF-980A-A6D8E688F288}.Debug|Any CPU.ActiveCfg = Debug|Any CPU
		{3E75DD11-4DED-4CEF-980A-A6D8E688F288}.Debug|Any CPU.Build.0 = Debug|Any CPU
		{3E75DD11-4DED-4CEF-980A-A6D8E688F288}.Release|Any CPU.ActiveCfg = Release|Any CPU
		{3E75DD11-4DED-4CEF-980A-A6D8E688F288}.Release|Any CPU.Build.0 = Release|Any CPU
		{E78F7BE3-8C43-471D-97B8-DE9B2129DBFA}.Debug|Any CPU.ActiveCfg = Debug|Any CPU
		{E78F7BE3-8C43-471D-97B8-DE9B2129DBFA}.Debug|Any CPU.Build.0 = Debug|Any CPU
		{E78F7BE3-8C43-471D-97B8-DE9B2129DBFA}.Release|Any CPU.ActiveCfg = Release|Any CPU
		{E78F7BE3-8C43-471D-97B8-DE9B2129DBFA}.Release|Any CPU.Build.0 = Release|Any CPU
	EndGlobalSection
	GlobalSection(SolutionProperties) = preSolution
		HideSolutionNode = FALSE
	EndGlobalSection
EndGlobal
